// !$*UTF8*$!
{
	archiveVersion = 1;
	classes = {
	};
	objectVersion = 56;
	objects = {

/* Begin PBXBuildFile section */
		D8ED329D2B1CA98900CAA00F /* AppDelegate.swift in Sources */ = {isa = PBXBuildFile; fileRef = D8ED329C2B1CA98900CAA00F /* AppDelegate.swift */; };
		D8ED329F2B1CA98900CAA00F /* SceneDelegate.swift in Sources */ = {isa = PBXBuildFile; fileRef = D8ED329E2B1CA98900CAA00F /* SceneDelegate.swift */; };
		D8ED32A12B1CA98900CAA00F /* LoginViewController.swift in Sources */ = {isa = PBXBuildFile; fileRef = D8ED32A02B1CA98900CAA00F /* LoginViewController.swift */; };
		D8ED32A62B1CA98A00CAA00F /* Assets.xcassets in Resources */ = {isa = PBXBuildFile; fileRef = D8ED32A52B1CA98A00CAA00F /* Assets.xcassets */; };
		D8ED32A92B1CA98A00CAA00F /* LaunchScreen.storyboard in Resources */ = {isa = PBXBuildFile; fileRef = D8ED32A72B1CA98A00CAA00F /* LaunchScreen.storyboard */; };
		D8ED32B62B1CAC6B00CAA00F /* LoginPresenter.swift in Sources */ = {isa = PBXBuildFile; fileRef = D8ED32B52B1CAC6B00CAA00F /* LoginPresenter.swift */; };
		D8ED32B82B1CAC7800CAA00F /* LoginInteractor.swift in Sources */ = {isa = PBXBuildFile; fileRef = D8ED32B72B1CAC7800CAA00F /* LoginInteractor.swift */; };
		D8ED32BC2B1CAD7300CAA00F /* LoginView.swift in Sources */ = {isa = PBXBuildFile; fileRef = D8ED32BB2B1CAD7300CAA00F /* LoginView.swift */; };
		D8ED32BF2B1CAD8E00CAA00F /* SnapKit in Frameworks */ = {isa = PBXBuildFile; productRef = D8ED32BE2B1CAD8E00CAA00F /* SnapKit */; };
		D8ED32C12B1CB7D900CAA00F /* LocalUserModel.swift in Sources */ = {isa = PBXBuildFile; fileRef = D8ED32C02B1CB7D900CAA00F /* LocalUserModel.swift */; };
		D8ED32C32B1CD5B300CAA00F /* LoginConfigurator.swift in Sources */ = {isa = PBXBuildFile; fileRef = D8ED32C22B1CD5B300CAA00F /* LoginConfigurator.swift */; };
		D8ED32C62B1CDC2B00CAA00F /* BackEndUserModel.swift in Sources */ = {isa = PBXBuildFile; fileRef = D8ED32C52B1CDC2B00CAA00F /* BackEndUserModel.swift */; };
		D8ED32CA2B1CE5D200CAA00F /* DetailsController.swift in Sources */ = {isa = PBXBuildFile; fileRef = D8ED32C92B1CE5D200CAA00F /* DetailsController.swift */; };
		D8ED32CC2B1CEC3400CAA00F /* LoginRouter.swift in Sources */ = {isa = PBXBuildFile; fileRef = D8ED32CB2B1CEC3400CAA00F /* LoginRouter.swift */; };
		D8ED32CE2B1CF09B00CAA00F /* DetailsInteractor.swift in Sources */ = {isa = PBXBuildFile; fileRef = D8ED32CD2B1CF09B00CAA00F /* DetailsInteractor.swift */; };
		D8ED32D02B1CF0C300CAA00F /* DetailsRouter.swift in Sources */ = {isa = PBXBuildFile; fileRef = D8ED32CF2B1CF0C300CAA00F /* DetailsRouter.swift */; };
		D8ED32D22B1CF76E00CAA00F /* DetailsConfigurator.swift in Sources */ = {isa = PBXBuildFile; fileRef = D8ED32D12B1CF76E00CAA00F /* DetailsConfigurator.swift */; };
		D8ED32D42B1CFEFC00CAA00F /* DetailsView.swift in Sources */ = {isa = PBXBuildFile; fileRef = D8ED32D32B1CFEFC00CAA00F /* DetailsView.swift */; };
		D8ED32D62B1D02F200CAA00F /* DetailsPresenter.swift in Sources */ = {isa = PBXBuildFile; fileRef = D8ED32D52B1D02F200CAA00F /* DetailsPresenter.swift */; };
/* End PBXBuildFile section */

/* Begin PBXFileReference section */
		D8ED32992B1CA98900CAA00F /* HW16_CleanSwift.app */ = {isa = PBXFileReference; explicitFileType = wrapper.application; includeInIndex = 0; path = HW16_CleanSwift.app; sourceTree = BUILT_PRODUCTS_DIR; };
		D8ED329C2B1CA98900CAA00F /* AppDelegate.swift */ = {isa = PBXFileReference; lastKnownFileType = sourcecode.swift; path = AppDelegate.swift; sourceTree = "<group>"; };
		D8ED329E2B1CA98900CAA00F /* SceneDelegate.swift */ = {isa = PBXFileReference; lastKnownFileType = sourcecode.swift; path = SceneDelegate.swift; sourceTree = "<group>"; };
		D8ED32A02B1CA98900CAA00F /* LoginViewController.swift */ = {isa = PBXFileReference; lastKnownFileType = sourcecode.swift; path = LoginViewController.swift; sourceTree = "<group>"; };
		D8ED32A52B1CA98A00CAA00F /* Assets.xcassets */ = {isa = PBXFileReference; lastKnownFileType = folder.assetcatalog; path = Assets.xcassets; sourceTree = "<group>"; };
		D8ED32A82B1CA98A00CAA00F /* Base */ = {isa = PBXFileReference; lastKnownFileType = file.storyboard; name = Base; path = Base.lproj/LaunchScreen.storyboard; sourceTree = "<group>"; };
		D8ED32AA2B1CA98A00CAA00F /* Info.plist */ = {isa = PBXFileReference; lastKnownFileType = text.plist.xml; path = Info.plist; sourceTree = "<group>"; };
		D8ED32B52B1CAC6B00CAA00F /* LoginPresenter.swift */ = {isa = PBXFileReference; lastKnownFileType = sourcecode.swift; path = LoginPresenter.swift; sourceTree = "<group>"; };
		D8ED32B72B1CAC7800CAA00F /* LoginInteractor.swift */ = {isa = PBXFileReference; lastKnownFileType = sourcecode.swift; path = LoginInteractor.swift; sourceTree = "<group>"; };
		D8ED32BB2B1CAD7300CAA00F /* LoginView.swift */ = {isa = PBXFileReference; lastKnownFileType = sourcecode.swift; path = LoginView.swift; sourceTree = "<group>"; };
		D8ED32C02B1CB7D900CAA00F /* LocalUserModel.swift */ = {isa = PBXFileReference; lastKnownFileType = sourcecode.swift; path = LocalUserModel.swift; sourceTree = "<group>"; };
		D8ED32C22B1CD5B300CAA00F /* LoginConfigurator.swift */ = {isa = PBXFileReference; lastKnownFileType = sourcecode.swift; path = LoginConfigurator.swift; sourceTree = "<group>"; };
		D8ED32C52B1CDC2B00CAA00F /* BackEndUserModel.swift */ = {isa = PBXFileReference; lastKnownFileType = sourcecode.swift; path = BackEndUserModel.swift; sourceTree = "<group>"; };
		D8ED32C92B1CE5D200CAA00F /* DetailsController.swift */ = {isa = PBXFileReference; lastKnownFileType = sourcecode.swift; path = DetailsController.swift; sourceTree = "<group>"; };
		D8ED32CB2B1CEC3400CAA00F /* LoginRouter.swift */ = {isa = PBXFileReference; lastKnownFileType = sourcecode.swift; path = LoginRouter.swift; sourceTree = "<group>"; };
		D8ED32CD2B1CF09B00CAA00F /* DetailsInteractor.swift */ = {isa = PBXFileReference; lastKnownFileType = sourcecode.swift; path = DetailsInteractor.swift; sourceTree = "<group>"; };
		D8ED32CF2B1CF0C300CAA00F /* DetailsRouter.swift */ = {isa = PBXFileReference; lastKnownFileType = sourcecode.swift; path = DetailsRouter.swift; sourceTree = "<group>"; };
		D8ED32D12B1CF76E00CAA00F /* DetailsConfigurator.swift */ = {isa = PBXFileReference; lastKnownFileType = sourcecode.swift; path = DetailsConfigurator.swift; sourceTree = "<group>"; };
		D8ED32D32B1CFEFC00CAA00F /* DetailsView.swift */ = {isa = PBXFileReference; lastKnownFileType = sourcecode.swift; path = DetailsView.swift; sourceTree = "<group>"; };
		D8ED32D52B1D02F200CAA00F /* DetailsPresenter.swift */ = {isa = PBXFileReference; lastKnownFileType = sourcecode.swift; path = DetailsPresenter.swift; sourceTree = "<group>"; };
/* End PBXFileReference section */

/* Begin PBXFrameworksBuildPhase section */
		D8ED32962B1CA98900CAA00F /* Frameworks */ = {
			isa = PBXFrameworksBuildPhase;
			buildActionMask = 2147483647;
			files = (
				D8ED32BF2B1CAD8E00CAA00F /* SnapKit in Frameworks */,
			);
			runOnlyForDeploymentPostprocessing = 0;
		};
/* End PBXFrameworksBuildPhase section */

/* Begin PBXGroup section */
		D8ED32902B1CA98900CAA00F = {
			isa = PBXGroup;
			children = (
				D8ED329B2B1CA98900CAA00F /* HW16_CleanSwift */,
				D8ED329A2B1CA98900CAA00F /* Products */,
			);
			sourceTree = "<group>";
		};
		D8ED329A2B1CA98900CAA00F /* Products */ = {
			isa = PBXGroup;
			children = (
				D8ED32992B1CA98900CAA00F /* HW16_CleanSwift.app */,
			);
			name = Products;
			sourceTree = "<group>";
		};
		D8ED329B2B1CA98900CAA00F /* HW16_CleanSwift */ = {
			isa = PBXGroup;
			children = (
				D8ED32B22B1CAA3F00CAA00F /* Source */,
				D8ED32B32B1CAA4600CAA00F /* Resource */,
			);
			path = HW16_CleanSwift;
			sourceTree = "<group>";
		};
		D8ED32B02B1CA9B900CAA00F /* AppDelegate */ = {
			isa = PBXGroup;
			children = (
				D8ED329C2B1CA98900CAA00F /* AppDelegate.swift */,
				D8ED329E2B1CA98900CAA00F /* SceneDelegate.swift */,
			);
			path = AppDelegate;
			sourceTree = "<group>";
		};
		D8ED32B22B1CAA3F00CAA00F /* Source */ = {
			isa = PBXGroup;
			children = (
				D8ED32C42B1CDBF800CAA00F /* BackEndData */,
				D8ED32B02B1CA9B900CAA00F /* AppDelegate */,
				D8ED32B42B1CAA5D00CAA00F /* Scenes */,
			);
			path = Source;
			sourceTree = "<group>";
		};
		D8ED32B32B1CAA4600CAA00F /* Resource */ = {
			isa = PBXGroup;
			children = (
				D8ED32A52B1CA98A00CAA00F /* Assets.xcassets */,
				D8ED32A72B1CA98A00CAA00F /* LaunchScreen.storyboard */,
				D8ED32AA2B1CA98A00CAA00F /* Info.plist */,
			);
			path = Resource;
			sourceTree = "<group>";
		};
		D8ED32B42B1CAA5D00CAA00F /* Scenes */ = {
			isa = PBXGroup;
			children = (
				D8ED32C02B1CB7D900CAA00F /* LocalUserModel.swift */,
				D8ED32C72B1CE59E00CAA00F /* Login */,
				D8ED32C82B1CE5AD00CAA00F /* Details */,
			);
			path = Scenes;
			sourceTree = "<group>";
		};
		D8ED32C42B1CDBF800CAA00F /* BackEndData */ = {
			isa = PBXGroup;
			children = (
				D8ED32C52B1CDC2B00CAA00F /* BackEndUserModel.swift */,
			);
			path = BackEndData;
			sourceTree = "<group>";
		};
		D8ED32C72B1CE59E00CAA00F /* Login */ = {
			isa = PBXGroup;
			children = (
				D8ED32BB2B1CAD7300CAA00F /* LoginView.swift */,
				D8ED32A02B1CA98900CAA00F /* LoginViewController.swift */,
				D8ED32B72B1CAC7800CAA00F /* LoginInteractor.swift */,
				D8ED32B52B1CAC6B00CAA00F /* LoginPresenter.swift */,
				D8ED32C22B1CD5B300CAA00F /* LoginConfigurator.swift */,
				D8ED32CB2B1CEC3400CAA00F /* LoginRouter.swift */,
			);
			path = Login;
			sourceTree = "<group>";
		};
		D8ED32C82B1CE5AD00CAA00F /* Details */ = {
			isa = PBXGroup;
			children = (
				D8ED32D32B1CFEFC00CAA00F /* DetailsView.swift */,
				D8ED32C92B1CE5D200CAA00F /* DetailsController.swift */,
				D8ED32CD2B1CF09B00CAA00F /* DetailsInteractor.swift */,
				D8ED32D52B1D02F200CAA00F /* DetailsPresenter.swift */,
				D8ED32CF2B1CF0C300CAA00F /* DetailsRouter.swift */,
				D8ED32D12B1CF76E00CAA00F /* DetailsConfigurator.swift */,
			);
			path = Details;
			sourceTree = "<group>";
		};
/* End PBXGroup section */

/* Begin PBXNativeTarget section */
		D8ED32982B1CA98900CAA00F /* HW16_CleanSwift */ = {
			isa = PBXNativeTarget;
			buildConfigurationList = D8ED32AD2B1CA98A00CAA00F /* Build configuration list for PBXNativeTarget "HW16_CleanSwift" */;
			buildPhases = (
				D8ED32952B1CA98900CAA00F /* Sources */,
				D8ED32962B1CA98900CAA00F /* Frameworks */,
				D8ED32972B1CA98900CAA00F /* Resources */,
			);
			buildRules = (
			);
			dependencies = (
			);
			name = HW16_CleanSwift;
			packageProductDependencies = (
				D8ED32BE2B1CAD8E00CAA00F /* SnapKit */,
			);
			productName = HW16_CleanSwift;
			productReference = D8ED32992B1CA98900CAA00F /* HW16_CleanSwift.app */;
			productType = "com.apple.product-type.application";
		};
/* End PBXNativeTarget section */

/* Begin PBXProject section */
		D8ED32912B1CA98900CAA00F /* Project object */ = {
			isa = PBXProject;
			attributes = {
				BuildIndependentTargetsInParallel = 1;
				LastSwiftUpdateCheck = 1430;
				LastUpgradeCheck = 1430;
				TargetAttributes = {
					D8ED32982B1CA98900CAA00F = {
						CreatedOnToolsVersion = 14.3.1;
					};
				};
			};
			buildConfigurationList = D8ED32942B1CA98900CAA00F /* Build configuration list for PBXProject "HW16_CleanSwift" */;
			compatibilityVersion = "Xcode 14.0";
			developmentRegion = en;
			hasScannedForEncodings = 0;
			knownRegions = (
				en,
				Base,
			);
			mainGroup = D8ED32902B1CA98900CAA00F;
			packageReferences = (
				D8ED32BD2B1CAD8E00CAA00F /* XCRemoteSwiftPackageReference "SnapKit" */,
			);
			productRefGroup = D8ED329A2B1CA98900CAA00F /* Products */;
			projectDirPath = "";
			projectRoot = "";
			targets = (
				D8ED32982B1CA98900CAA00F /* HW16_CleanSwift */,
			);
		};
/* End PBXProject section */

/* Begin PBXResourcesBuildPhase section */
		D8ED32972B1CA98900CAA00F /* Resources */ = {
			isa = PBXResourcesBuildPhase;
			buildActionMask = 2147483647;
			files = (
				D8ED32A92B1CA98A00CAA00F /* LaunchScreen.storyboard in Resources */,
				D8ED32A62B1CA98A00CAA00F /* Assets.xcassets in Resources */,
			);
			runOnlyForDeploymentPostprocessing = 0;
		};
/* End PBXResourcesBuildPhase section */

/* Begin PBXSourcesBuildPhase section */
		D8ED32952B1CA98900CAA00F /* Sources */ = {
			isa = PBXSourcesBuildPhase;
			buildActionMask = 2147483647;
			files = (
				D8ED32C62B1CDC2B00CAA00F /* BackEndUserModel.swift in Sources */,
				D8ED32BC2B1CAD7300CAA00F /* LoginView.swift in Sources */,
				D8ED32CA2B1CE5D200CAA00F /* DetailsController.swift in Sources */,
				D8ED32C12B1CB7D900CAA00F /* LocalUserModel.swift in Sources */,
				D8ED32B62B1CAC6B00CAA00F /* LoginPresenter.swift in Sources */,
				D8ED32D22B1CF76E00CAA00F /* DetailsConfigurator.swift in Sources */,
				D8ED32D02B1CF0C300CAA00F /* DetailsRouter.swift in Sources */,
				D8ED32A12B1CA98900CAA00F /* LoginViewController.swift in Sources */,
				D8ED329D2B1CA98900CAA00F /* AppDelegate.swift in Sources */,
				D8ED32CE2B1CF09B00CAA00F /* DetailsInteractor.swift in Sources */,
				D8ED32B82B1CAC7800CAA00F /* LoginInteractor.swift in Sources */,
				D8ED32D42B1CFEFC00CAA00F /* DetailsView.swift in Sources */,
				D8ED32CC2B1CEC3400CAA00F /* LoginRouter.swift in Sources */,
				D8ED32C32B1CD5B300CAA00F /* LoginConfigurator.swift in Sources */,
				D8ED329F2B1CA98900CAA00F /* SceneDelegate.swift in Sources */,
				D8ED32D62B1D02F200CAA00F /* DetailsPresenter.swift in Sources */,
			);
			runOnlyForDeploymentPostprocessing = 0;
		};
/* End PBXSourcesBuildPhase section */

/* Begin PBXVariantGroup section */
		D8ED32A72B1CA98A00CAA00F /* LaunchScreen.storyboard */ = {
			isa = PBXVariantGroup;
			children = (
				D8ED32A82B1CA98A00CAA00F /* Base */,
			);
			name = LaunchScreen.storyboard;
			sourceTree = "<group>";
		};
/* End PBXVariantGroup section */

/* Begin XCBuildConfiguration section */
		D8ED32AB2B1CA98A00CAA00F /* Debug */ = {
			isa = XCBuildConfiguration;
			buildSettings = {
				ALWAYS_SEARCH_USER_PATHS = NO;
				CLANG_ANALYZER_NONNULL = YES;
				CLANG_ANALYZER_NUMBER_OBJECT_CONVERSION = YES_AGGRESSIVE;
				CLANG_CXX_LANGUAGE_STANDARD = "gnu++20";
				CLANG_ENABLE_MODULES = YES;
				CLANG_ENABLE_OBJC_ARC = YES;
				CLANG_ENABLE_OBJC_WEAK = YES;
				CLANG_WARN_BLOCK_CAPTURE_AUTORELEASING = YES;
				CLANG_WARN_BOOL_CONVERSION = YES;
				CLANG_WARN_COMMA = YES;
				CLANG_WARN_CONSTANT_CONVERSION = YES;
				CLANG_WARN_DEPRECATED_OBJC_IMPLEMENTATIONS = YES;
				CLANG_WARN_DIRECT_OBJC_ISA_USAGE = YES_ERROR;
				CLANG_WARN_DOCUMENTATION_COMMENTS = YES;
				CLANG_WARN_EMPTY_BODY = YES;
				CLANG_WARN_ENUM_CONVERSION = YES;
				CLANG_WARN_INFINITE_RECURSION = YES;
				CLANG_WARN_INT_CONVERSION = YES;
				CLANG_WARN_NON_LITERAL_NULL_CONVERSION = YES;
				CLANG_WARN_OBJC_IMPLICIT_RETAIN_SELF = YES;
				CLANG_WARN_OBJC_LITERAL_CONVERSION = YES;
				CLANG_WARN_OBJC_ROOT_CLASS = YES_ERROR;
				CLANG_WARN_QUOTED_INCLUDE_IN_FRAMEWORK_HEADER = YES;
				CLANG_WARN_RANGE_LOOP_ANALYSIS = YES;
				CLANG_WARN_STRICT_PROTOTYPES = YES;
				CLANG_WARN_SUSPICIOUS_MOVE = YES;
				CLANG_WARN_UNGUARDED_AVAILABILITY = YES_AGGRESSIVE;
				CLANG_WARN_UNREACHABLE_CODE = YES;
				CLANG_WARN__DUPLICATE_METHOD_MATCH = YES;
				COPY_PHASE_STRIP = NO;
				DEBUG_INFORMATION_FORMAT = dwarf;
				ENABLE_STRICT_OBJC_MSGSEND = YES;
				ENABLE_TESTABILITY = YES;
				GCC_C_LANGUAGE_STANDARD = gnu11;
				GCC_DYNAMIC_NO_PIC = NO;
				GCC_NO_COMMON_BLOCKS = YES;
				GCC_OPTIMIZATION_LEVEL = 0;
				GCC_PREPROCESSOR_DEFINITIONS = (
					"DEBUG=1",
					"$(inherited)",
				);
				GCC_WARN_64_TO_32_BIT_CONVERSION = YES;
				GCC_WARN_ABOUT_RETURN_TYPE = YES_ERROR;
				GCC_WARN_UNDECLARED_SELECTOR = YES;
				GCC_WARN_UNINITIALIZED_AUTOS = YES_AGGRESSIVE;
				GCC_WARN_UNUSED_FUNCTION = YES;
				GCC_WARN_UNUSED_VARIABLE = YES;
				IPHONEOS_DEPLOYMENT_TARGET = 16.4;
				MTL_ENABLE_DEBUG_INFO = INCLUDE_SOURCE;
				MTL_FAST_MATH = YES;
				ONLY_ACTIVE_ARCH = YES;
				SDKROOT = iphoneos;
				SWIFT_ACTIVE_COMPILATION_CONDITIONS = DEBUG;
				SWIFT_OPTIMIZATION_LEVEL = "-Onone";
			};
			name = Debug;
		};
		D8ED32AC2B1CA98A00CAA00F /* Release */ = {
			isa = XCBuildConfiguration;
			buildSettings = {
				ALWAYS_SEARCH_USER_PATHS = NO;
				CLANG_ANALYZER_NONNULL = YES;
				CLANG_ANALYZER_NUMBER_OBJECT_CONVERSION = YES_AGGRESSIVE;
				CLANG_CXX_LANGUAGE_STANDARD = "gnu++20";
				CLANG_ENABLE_MODULES = YES;
				CLANG_ENABLE_OBJC_ARC = YES;
				CLANG_ENABLE_OBJC_WEAK = YES;
				CLANG_WARN_BLOCK_CAPTURE_AUTORELEASING = YES;
				CLANG_WARN_BOOL_CONVERSION = YES;
				CLANG_WARN_COMMA = YES;
				CLANG_WARN_CONSTANT_CONVERSION = YES;
				CLANG_WARN_DEPRECATED_OBJC_IMPLEMENTATIONS = YES;
				CLANG_WARN_DIRECT_OBJC_ISA_USAGE = YES_ERROR;
				CLANG_WARN_DOCUMENTATION_COMMENTS = YES;
				CLANG_WARN_EMPTY_BODY = YES;
				CLANG_WARN_ENUM_CONVERSION = YES;
				CLANG_WARN_INFINITE_RECURSION = YES;
				CLANG_WARN_INT_CONVERSION = YES;
				CLANG_WARN_NON_LITERAL_NULL_CONVERSION = YES;
				CLANG_WARN_OBJC_IMPLICIT_RETAIN_SELF = YES;
				CLANG_WARN_OBJC_LITERAL_CONVERSION = YES;
				CLANG_WARN_OBJC_ROOT_CLASS = YES_ERROR;
				CLANG_WARN_QUOTED_INCLUDE_IN_FRAMEWORK_HEADER = YES;
				CLANG_WARN_RANGE_LOOP_ANALYSIS = YES;
				CLANG_WARN_STRICT_PROTOTYPES = YES;
				CLANG_WARN_SUSPICIOUS_MOVE = YES;
				CLANG_WARN_UNGUARDED_AVAILABILITY = YES_AGGRESSIVE;
				CLANG_WARN_UNREACHABLE_CODE = YES;
				CLANG_WARN__DUPLICATE_METHOD_MATCH = YES;
				COPY_PHASE_STRIP = NO;
				DEBUG_INFORMATION_FORMAT = "dwarf-with-dsym";
				ENABLE_NS_ASSERTIONS = NO;
				ENABLE_STRICT_OBJC_MSGSEND = YES;
				GCC_C_LANGUAGE_STANDARD = gnu11;
				GCC_NO_COMMON_BLOCKS = YES;
				GCC_WARN_64_TO_32_BIT_CONVERSION = YES;
				GCC_WARN_ABOUT_RETURN_TYPE = YES_ERROR;
				GCC_WARN_UNDECLARED_SELECTOR = YES;
				GCC_WARN_UNINITIALIZED_AUTOS = YES_AGGRESSIVE;
				GCC_WARN_UNUSED_FUNCTION = YES;
				GCC_WARN_UNUSED_VARIABLE = YES;
				IPHONEOS_DEPLOYMENT_TARGET = 16.4;
				MTL_ENABLE_DEBUG_INFO = NO;
				MTL_FAST_MATH = YES;
				SDKROOT = iphoneos;
				SWIFT_COMPILATION_MODE = wholemodule;
				SWIFT_OPTIMIZATION_LEVEL = "-O";
				VALIDATE_PRODUCT = YES;
			};
			name = Release;
		};
		D8ED32AE2B1CA98A00CAA00F /* Debug */ = {
			isa = XCBuildConfiguration;
			buildSettings = {
				ASSETCATALOG_COMPILER_APPICON_NAME = AppIcon;
				ASSETCATALOG_COMPILER_GLOBAL_ACCENT_COLOR_NAME = AccentColor;
				CODE_SIGN_STYLE = Automatic;
				CURRENT_PROJECT_VERSION = 1;
				GENERATE_INFOPLIST_FILE = YES;
				INFOPLIST_FILE = HW16_CleanSwift/Resource/Info.plist;
				INFOPLIST_KEY_UIApplicationSupportsIndirectInputEvents = YES;
				INFOPLIST_KEY_UILaunchStoryboardName = LaunchScreen;
				INFOPLIST_KEY_UIMainStoryboardFile = "";
				INFOPLIST_KEY_UISupportedInterfaceOrientations_iPad = "UIInterfaceOrientationPortrait UIInterfaceOrientationPortraitUpsideDown UIInterfaceOrientationLandscapeLeft UIInterfaceOrientationLandscapeRight";
				INFOPLIST_KEY_UISupportedInterfaceOrientations_iPhone = "UIInterfaceOrientationPortrait UIInterfaceOrientationLandscapeLeft UIInterfaceOrientationLandscapeRight";
				LD_RUNPATH_SEARCH_PATHS = (
					"$(inherited)",
					"@executable_path/Frameworks",
				);
				MARKETING_VERSION = 1.0;
				PRODUCT_BUNDLE_IDENTIFIER = "Arken.HW16-CleanSwift";
				PRODUCT_NAME = "$(TARGET_NAME)";
				SWIFT_EMIT_LOC_STRINGS = YES;
				SWIFT_VERSION = 5.0;
				TARGETED_DEVICE_FAMILY = "1,2";
			};
			name = Debug;
		};
		D8ED32AF2B1CA98A00CAA00F /* Release */ = {
			isa = XCBuildConfiguration;
			buildSettings = {
				ASSETCATALOG_COMPILER_APPICON_NAME = AppIcon;
				ASSETCATALOG_COMPILER_GLOBAL_ACCENT_COLOR_NAME = AccentColor;
				CODE_SIGN_STYLE = Automatic;
				CURRENT_PROJECT_VERSION = 1;
				GENERATE_INFOPLIST_FILE = YES;
				INFOPLIST_FILE = HW16_CleanSwift/Resource/Info.plist;
				INFOPLIST_KEY_UIApplicationSupportsIndirectInputEvents = YES;
				INFOPLIST_KEY_UILaunchStoryboardName = LaunchScreen;
				INFOPLIST_KEY_UIMainStoryboardFile = "";
				INFOPLIST_KEY_UISupportedInterfaceOrientations_iPad = "UIInterfaceOrientationPortrait UIInterfaceOrientationPortraitUpsideDown UIInterfaceOrientationLandscapeLeft UIInterfaceOrientationLandscapeRight";
				INFOPLIST_KEY_UISupportedInterfaceOrientations_iPhone = "UIInterfaceOrientationPortrait UIInterfaceOrientationLandscapeLeft UIInterfaceOrientationLandscapeRight";
				LD_RUNPATH_SEARCH_PATHS = (
					"$(inherited)",
					"@executable_path/Frameworks",
				);
				MARKETING_VERSION = 1.0;
				PRODUCT_BUNDLE_IDENTIFIER = "Arken.HW16-CleanSwift";
				PRODUCT_NAME = "$(TARGET_NAME)";
				SWIFT_EMIT_LOC_STRINGS = YES;
				SWIFT_VERSION = 5.0;
				TARGETED_DEVICE_FAMILY = "1,2";
			};
			name = Release;
		};
/* End XCBuildConfiguration section */

/* Begin XCConfigurationList section */
		D8ED32942B1CA98900CAA00F /* Build configuration list for PBXProject "HW16_CleanSwift" */ = {
			isa = XCConfigurationList;
			buildConfigurations = (
				D8ED32AB2B1CA98A00CAA00F /* Debug */,
				D8ED32AC2B1CA98A00CAA00F /* Release */,
			);
			defaultConfigurationIsVisible = 0;
			defaultConfigurationName = Release;
		};
		D8ED32AD2B1CA98A00CAA00F /* Build configuration list for PBXNativeTarget "HW16_CleanSwift" */ = {
			isa = XCConfigurationList;
			buildConfigurations = (
				D8ED32AE2B1CA98A00CAA00F /* Debug */,
				D8ED32AF2B1CA98A00CAA00F /* Release */,
			);
			defaultConfigurationIsVisible = 0;
			defaultConfigurationName = Release;
		};
/* End XCConfigurationList section */

/* Begin XCRemoteSwiftPackageReference section */
		D8ED32BD2B1CAD8E00CAA00F /* XCRemoteSwiftPackageReference "SnapKit" */ = {
			isa = XCRemoteSwiftPackageReference;
			repositoryURL = "https://github.com/SnapKit/SnapKit.git";
			requirement = {
				kind = upToNextMajorVersion;
				minimumVersion = 5.0.0;
			};
		};
/* End XCRemoteSwiftPackageReference section */

/* Begin XCSwiftPackageProductDependency section */
		D8ED32BE2B1CAD8E00CAA00F /* SnapKit */ = {
			isa = XCSwiftPackageProductDependency;
			package = D8ED32BD2B1CAD8E00CAA00F /* XCRemoteSwiftPackageReference "SnapKit" */;
			productName = SnapKit;
		};
/* End XCSwiftPackageProductDependency section */
	};
	rootObject = D8ED32912B1CA98900CAA00F /* Project object */;
}
